
Microsoft Visual Studio Solution File, Format Version 12.00
# Visual Studio Version 16
VisualStudioVersion = 16.0.30517.126
MinimumVisualStudioVersion = 10.0.40219.1
Project("{8BC9CEB8-8B4A-11D0-8D11-00A0C91BC942}") = "АСД 8", "АСД 8.vcxproj", "{FB1FEB68-31DF-4AED-8CE6-61EA417060AB}"
EndProject
Global
	GlobalSection(SolutionConfigurationPlatforms) = preSolution
		Debug|x64 = Debug|x64
		Debug|x86 = Debug|x86
		Release|x64 = Release|x64
		Release|x86 = Release|x86
	EndGlobalSection
	GlobalSection(ProjectConfigurationPlatforms) = postSolution
		{FB1FEB68-31DF-4AED-8CE6-61EA417060AB}.Debug|x64.ActiveCfg = Debug|x64
		{FB1FEB68-31DF-4AED-8CE6-61EA417060AB}.Debug|x64.Build.0 = Debug|x64
		{FB1FEB68-31DF-4AED-8CE6-61EA417060AB}.Debug|x86.ActiveCfg = Debug|Win32
		{FB1FEB68-31DF-4AED-8CE6-61EA417060AB}.Debug|x86.Build.0 = Debug|Win32
		{FB1FEB68-31DF-4AED-8CE6-61EA417060AB}.Release|x64.ActiveCfg = Release|x64
		{FB1FEB68-31DF-4AED-8CE6-61EA417060AB}.Release|x64.Build.0 = Release|x64
		{FB1FEB68-31DF-4AED-8CE6-61EA417060AB}.Release|x86.ActiveCfg = Release|Win32
		{FB1FEB68-31DF-4AED-8CE6-61EA417060AB}.Release|x86.Build.0 = Release|Win32
	EndGlobalSection
	GlobalSection(SolutionProperties) = preSolution
		HideSolutionNode = FALSE
	EndGlobalSection
	GlobalSection(ExtensibilityGlobals) = postSolution
		SolutionGuid = {DB1815EB-6104-4C65-9DDA-CF10751D568D}
	EndGlobalSection
EndGlobal
