
Microsoft Visual Studio Solution File, Format Version 12.00
# Visual Studio Version 16
VisualStudioVersion = 16.0.30517.126
MinimumVisualStudioVersion = 10.0.40219.1
Project("{8BC9CEB8-8B4A-11D0-8D11-00A0C91BC942}") = "АСД 8,1", "АСД 8,1.vcxproj", "{208E0B71-8EA8-4616-8A5A-2BA969A94CAE}"
EndProject
Global
	GlobalSection(SolutionConfigurationPlatforms) = preSolution
		Debug|x64 = Debug|x64
		Debug|x86 = Debug|x86
		Release|x64 = Release|x64
		Release|x86 = Release|x86
	EndGlobalSection
	GlobalSection(ProjectConfigurationPlatforms) = postSolution
		{208E0B71-8EA8-4616-8A5A-2BA969A94CAE}.Debug|x64.ActiveCfg = Debug|x64
		{208E0B71-8EA8-4616-8A5A-2BA969A94CAE}.Debug|x64.Build.0 = Debug|x64
		{208E0B71-8EA8-4616-8A5A-2BA969A94CAE}.Debug|x86.ActiveCfg = Debug|Win32
		{208E0B71-8EA8-4616-8A5A-2BA969A94CAE}.Debug|x86.Build.0 = Debug|Win32
		{208E0B71-8EA8-4616-8A5A-2BA969A94CAE}.Release|x64.ActiveCfg = Release|x64
		{208E0B71-8EA8-4616-8A5A-2BA969A94CAE}.Release|x64.Build.0 = Release|x64
		{208E0B71-8EA8-4616-8A5A-2BA969A94CAE}.Release|x86.ActiveCfg = Release|Win32
		{208E0B71-8EA8-4616-8A5A-2BA969A94CAE}.Release|x86.Build.0 = Release|Win32
	EndGlobalSection
	GlobalSection(SolutionProperties) = preSolution
		HideSolutionNode = FALSE
	EndGlobalSection
	GlobalSection(ExtensibilityGlobals) = postSolution
		SolutionGuid = {3CD35EFB-89A6-4217-8922-1B89F44A82B3}
	EndGlobalSection
EndGlobal
